// !$*UTF8*$!
{
	archiveVersion = 1;
	classes = {
	};
	objectVersion = 56;
	objects = {

/* Begin PBXBuildFile section */
		3130ADD42A482A0C00B438F9 /* ReaderApp.swift in Sources */ = {isa = PBXBuildFile; fileRef = 3130ADD32A482A0C00B438F9 /* ReaderApp.swift */; };
		3130ADD62A482A0C00B438F9 /* ContentView.swift in Sources */ = {isa = PBXBuildFile; fileRef = 3130ADD52A482A0C00B438F9 /* ContentView.swift */; };
		3130ADD82A482A0D00B438F9 /* Assets.xcassets in Resources */ = {isa = PBXBuildFile; fileRef = 3130ADD72A482A0D00B438F9 /* Assets.xcassets */; };
		3130ADDB2A482A0D00B438F9 /* Preview Assets.xcassets in Resources */ = {isa = PBXBuildFile; fileRef = 3130ADDA2A482A0D00B438F9 /* Preview Assets.xcassets */; };
		3130ADE42A482A2C00B438F9 /* Feed.swift in Sources */ = {isa = PBXBuildFile; fileRef = 3130ADE32A482A2C00B438F9 /* Feed.swift */; };
		3130ADE62A482A3800B438F9 /* RssSourceDTO.swift in Sources */ = {isa = PBXBuildFile; fileRef = 3130ADE52A482A3800B438F9 /* RssSourceDTO.swift */; };
		3130ADE92A482AE300B438F9 /* SwiftyXMLParser in Frameworks */ = {isa = PBXBuildFile; productRef = 3130ADE82A482AE300B438F9 /* SwiftyXMLParser */; };
		3130ADEB2A48424300B438F9 /* FeedListView.swift in Sources */ = {isa = PBXBuildFile; fileRef = 3130ADEA2A48424300B438F9 /* FeedListView.swift */; };
		3130ADED2A48426E00B438F9 /* FeedDetailView.swift in Sources */ = {isa = PBXBuildFile; fileRef = 3130ADEC2A48426E00B438F9 /* FeedDetailView.swift */; };
		3164B9C22A52776000514032 /* ViewDidLoadModifier.swift in Sources */ = {isa = PBXBuildFile; fileRef = 3164B9C12A52776000514032 /* ViewDidLoadModifier.swift */; };
		3164B9C42A52795500514032 /* DateFormatterFactory.swift in Sources */ = {isa = PBXBuildFile; fileRef = 3164B9C32A52795500514032 /* DateFormatterFactory.swift */; };
		3164B9C62A52C68800514032 /* Logging.swift in Sources */ = {isa = PBXBuildFile; fileRef = 3164B9C52A52C68800514032 /* Logging.swift */; };
		3164B9C82A53F2A200514032 /* OPMLDocument.swift in Sources */ = {isa = PBXBuildFile; fileRef = 3164B9C72A53F2A200514032 /* OPMLDocument.swift */; };
		3164B9CA2A53F2F600514032 /* OPMLExporter.swift in Sources */ = {isa = PBXBuildFile; fileRef = 3164B9C92A53F2F600514032 /* OPMLExporter.swift */; };
		3164B9CD2A54012C00514032 /* Store.swift in Sources */ = {isa = PBXBuildFile; fileRef = 3164B9CC2A54012C00514032 /* Store.swift */; };
		3164B9CF2A540A7F00514032 /* SettingsView.swift in Sources */ = {isa = PBXBuildFile; fileRef = 3164B9CE2A540A7F00514032 /* SettingsView.swift */; };
		3164B9D12A540E6800514032 /* OPMLParser.swift in Sources */ = {isa = PBXBuildFile; fileRef = 3164B9D02A540E6800514032 /* OPMLParser.swift */; };
		3185CB0D2A5697400059C617 /* Article.swift in Sources */ = {isa = PBXBuildFile; fileRef = 3185CB0C2A5697400059C617 /* Article.swift */; };
		31AAFB2D2A56B26500D23ADF /* ToastModifier.swift in Sources */ = {isa = PBXBuildFile; fileRef = 31AAFB2C2A56B26500D23ADF /* ToastModifier.swift */; };
		31AAFB312A56D16C00D23ADF /* AlertModifier.swift in Sources */ = {isa = PBXBuildFile; fileRef = 31AAFB302A56D16C00D23ADF /* AlertModifier.swift */; };
		31C91A8D2A8DC18100C65AE2 /* Localizable.xcstrings in Resources */ = {isa = PBXBuildFile; fileRef = 31C91A8C2A8DC18100C65AE2 /* Localizable.xcstrings */; };
		31E32BD02A4A935C00836F38 /* WebView.swift in Sources */ = {isa = PBXBuildFile; fileRef = 31E32BCF2A4A935C00836F38 /* WebView.swift */; };
		31E32BD52A4AE98400836F38 /* Kingfisher in Frameworks */ = {isa = PBXBuildFile; productRef = 31E32BD42A4AE98400836F38 /* Kingfisher */; };
		31EAE0332A5BE6C500659180 /* BackgroundActor.swift in Sources */ = {isa = PBXBuildFile; fileRef = 31EAE0322A5BE6C500659180 /* BackgroundActor.swift */; };
/* End PBXBuildFile section */

/* Begin PBXFileReference section */
		3130ADD02A482A0C00B438F9 /* Reader.app */ = {isa = PBXFileReference; explicitFileType = wrapper.application; includeInIndex = 0; path = Reader.app; sourceTree = BUILT_PRODUCTS_DIR; };
		3130ADD32A482A0C00B438F9 /* ReaderApp.swift */ = {isa = PBXFileReference; lastKnownFileType = sourcecode.swift; path = ReaderApp.swift; sourceTree = "<group>"; };
		3130ADD52A482A0C00B438F9 /* ContentView.swift */ = {isa = PBXFileReference; lastKnownFileType = sourcecode.swift; path = ContentView.swift; sourceTree = "<group>"; };
		3130ADD72A482A0D00B438F9 /* Assets.xcassets */ = {isa = PBXFileReference; lastKnownFileType = folder.assetcatalog; path = Assets.xcassets; sourceTree = "<group>"; };
		3130ADDA2A482A0D00B438F9 /* Preview Assets.xcassets */ = {isa = PBXFileReference; lastKnownFileType = folder.assetcatalog; path = "Preview Assets.xcassets"; sourceTree = "<group>"; };
		3130ADE32A482A2C00B438F9 /* Feed.swift */ = {isa = PBXFileReference; lastKnownFileType = sourcecode.swift; path = Feed.swift; sourceTree = "<group>"; };
		3130ADE52A482A3800B438F9 /* RssSourceDTO.swift */ = {isa = PBXFileReference; lastKnownFileType = sourcecode.swift; path = RssSourceDTO.swift; sourceTree = "<group>"; };
		3130ADEA2A48424300B438F9 /* FeedListView.swift */ = {isa = PBXFileReference; lastKnownFileType = sourcecode.swift; path = FeedListView.swift; sourceTree = "<group>"; };
		3130ADEC2A48426E00B438F9 /* FeedDetailView.swift */ = {isa = PBXFileReference; lastKnownFileType = sourcecode.swift; path = FeedDetailView.swift; sourceTree = "<group>"; };
		3164B9C12A52776000514032 /* ViewDidLoadModifier.swift */ = {isa = PBXFileReference; lastKnownFileType = sourcecode.swift; path = ViewDidLoadModifier.swift; sourceTree = "<group>"; };
		3164B9C32A52795500514032 /* DateFormatterFactory.swift */ = {isa = PBXFileReference; lastKnownFileType = sourcecode.swift; path = DateFormatterFactory.swift; sourceTree = "<group>"; };
		3164B9C52A52C68800514032 /* Logging.swift */ = {isa = PBXFileReference; lastKnownFileType = sourcecode.swift; path = Logging.swift; sourceTree = "<group>"; };
		3164B9C72A53F2A200514032 /* OPMLDocument.swift */ = {isa = PBXFileReference; lastKnownFileType = sourcecode.swift; path = OPMLDocument.swift; sourceTree = "<group>"; };
		3164B9C92A53F2F600514032 /* OPMLExporter.swift */ = {isa = PBXFileReference; lastKnownFileType = sourcecode.swift; path = OPMLExporter.swift; sourceTree = "<group>"; };
		3164B9CC2A54012C00514032 /* Store.swift */ = {isa = PBXFileReference; lastKnownFileType = sourcecode.swift; path = Store.swift; sourceTree = "<group>"; };
		3164B9CE2A540A7F00514032 /* SettingsView.swift */ = {isa = PBXFileReference; lastKnownFileType = sourcecode.swift; path = SettingsView.swift; sourceTree = "<group>"; };
		3164B9D02A540E6800514032 /* OPMLParser.swift */ = {isa = PBXFileReference; lastKnownFileType = sourcecode.swift; path = OPMLParser.swift; sourceTree = "<group>"; };
		3185CB0C2A5697400059C617 /* Article.swift */ = {isa = PBXFileReference; lastKnownFileType = sourcecode.swift; path = Article.swift; sourceTree = "<group>"; };
		31AAFB2C2A56B26500D23ADF /* ToastModifier.swift */ = {isa = PBXFileReference; lastKnownFileType = sourcecode.swift; path = ToastModifier.swift; sourceTree = "<group>"; };
		31AAFB302A56D16C00D23ADF /* AlertModifier.swift */ = {isa = PBXFileReference; lastKnownFileType = sourcecode.swift; path = AlertModifier.swift; sourceTree = "<group>"; };
		31C91A8C2A8DC18100C65AE2 /* Localizable.xcstrings */ = {isa = PBXFileReference; lastKnownFileType = text.json.xcstrings; path = Localizable.xcstrings; sourceTree = "<group>"; };
		31E32BCF2A4A935C00836F38 /* WebView.swift */ = {isa = PBXFileReference; lastKnownFileType = sourcecode.swift; path = WebView.swift; sourceTree = "<group>"; };
		31EAE0322A5BE6C500659180 /* BackgroundActor.swift */ = {isa = PBXFileReference; lastKnownFileType = sourcecode.swift; path = BackgroundActor.swift; sourceTree = "<group>"; };
/* End PBXFileReference section */

/* Begin PBXFrameworksBuildPhase section */
		3130ADCD2A482A0B00B438F9 /* Frameworks */ = {
			isa = PBXFrameworksBuildPhase;
			buildActionMask = 2147483647;
			files = (
				31E32BD52A4AE98400836F38 /* Kingfisher in Frameworks */,
				3130ADE92A482AE300B438F9 /* SwiftyXMLParser in Frameworks */,
			);
			runOnlyForDeploymentPostprocessing = 0;
		};
/* End PBXFrameworksBuildPhase section */

/* Begin PBXGroup section */
		3130ADC72A482A0B00B438F9 = {
			isa = PBXGroup;
			children = (
				31C91A8C2A8DC18100C65AE2 /* Localizable.xcstrings */,
				3130ADD22A482A0C00B438F9 /* Reader */,
				3130ADD12A482A0C00B438F9 /* Products */,
			);
			sourceTree = "<group>";
		};
		3130ADD12A482A0C00B438F9 /* Products */ = {
			isa = PBXGroup;
			children = (
				3130ADD02A482A0C00B438F9 /* Reader.app */,
			);
			name = Products;
			sourceTree = "<group>";
		};
		3130ADD22A482A0C00B438F9 /* Reader */ = {
			isa = PBXGroup;
			children = (
				3130ADD32A482A0C00B438F9 /* ReaderApp.swift */,
				3130ADD52A482A0C00B438F9 /* ContentView.swift */,
				3164B9CB2A53FDF100514032 /* View */,
				3185CB0E2A5697490059C617 /* Model */,
				3164B9D22A54119800514032 /* Util */,
				3164B9C02A52774A00514032 /* Modifier */,
				3130ADD72A482A0D00B438F9 /* Assets.xcassets */,
				3130ADD92A482A0D00B438F9 /* Preview Content */,
			);
			path = Reader;
			sourceTree = "<group>";
		};
		3130ADD92A482A0D00B438F9 /* Preview Content */ = {
			isa = PBXGroup;
			children = (
				3130ADDA2A482A0D00B438F9 /* Preview Assets.xcassets */,
			);
			path = "Preview Content";
			sourceTree = "<group>";
		};
		3164B9C02A52774A00514032 /* Modifier */ = {
			isa = PBXGroup;
			children = (
				3164B9C12A52776000514032 /* ViewDidLoadModifier.swift */,
				31AAFB2C2A56B26500D23ADF /* ToastModifier.swift */,
				31AAFB302A56D16C00D23ADF /* AlertModifier.swift */,
			);
			path = Modifier;
			sourceTree = "<group>";
		};
		3164B9CB2A53FDF100514032 /* View */ = {
			isa = PBXGroup;
			children = (
				3130ADEA2A48424300B438F9 /* FeedListView.swift */,
				3130ADEC2A48426E00B438F9 /* FeedDetailView.swift */,
				3164B9CE2A540A7F00514032 /* SettingsView.swift */,
				3164B9CC2A54012C00514032 /* Store.swift */,
			);
			path = View;
			sourceTree = "<group>";
		};
		3164B9D22A54119800514032 /* Util */ = {
			isa = PBXGroup;
			children = (
				31E32BCF2A4A935C00836F38 /* WebView.swift */,
				3130ADE52A482A3800B438F9 /* RssSourceDTO.swift */,
				3164B9C92A53F2F600514032 /* OPMLExporter.swift */,
				3164B9C32A52795500514032 /* DateFormatterFactory.swift */,
				3164B9C72A53F2A200514032 /* OPMLDocument.swift */,
				3164B9C52A52C68800514032 /* Logging.swift */,
				3164B9D02A540E6800514032 /* OPMLParser.swift */,
				31EAE0322A5BE6C500659180 /* BackgroundActor.swift */,
			);
			path = Util;
			sourceTree = "<group>";
		};
		3185CB0E2A5697490059C617 /* Model */ = {
			isa = PBXGroup;
			children = (
				3130ADE32A482A2C00B438F9 /* Feed.swift */,
				3185CB0C2A5697400059C617 /* Article.swift */,
			);
			path = Model;
			sourceTree = "<group>";
		};
/* End PBXGroup section */

/* Begin PBXNativeTarget section */
		3130ADCF2A482A0B00B438F9 /* Reader */ = {
			isa = PBXNativeTarget;
			buildConfigurationList = 3130ADE02A482A0D00B438F9 /* Build configuration list for PBXNativeTarget "Reader" */;
			buildPhases = (
				3130ADCC2A482A0B00B438F9 /* Sources */,
				3130ADCD2A482A0B00B438F9 /* Frameworks */,
				3130ADCE2A482A0B00B438F9 /* Resources */,
			);
			buildRules = (
			);
			dependencies = (
			);
			name = Reader;
			packageProductDependencies = (
				3130ADE82A482AE300B438F9 /* SwiftyXMLParser */,
				31E32BD42A4AE98400836F38 /* Kingfisher */,
			);
			productName = Reader;
			productReference = 3130ADD02A482A0C00B438F9 /* Reader.app */;
			productType = "com.apple.product-type.application";
		};
/* End PBXNativeTarget section */

/* Begin PBXProject section */
		3130ADC82A482A0B00B438F9 /* Project object */ = {
			isa = PBXProject;
			attributes = {
				BuildIndependentTargetsInParallel = 1;
				LastSwiftUpdateCheck = 1500;
				LastUpgradeCheck = 1500;
				TargetAttributes = {
					3130ADCF2A482A0B00B438F9 = {
						CreatedOnToolsVersion = 15.0;
					};
				};
			};
			buildConfigurationList = 3130ADCB2A482A0B00B438F9 /* Build configuration list for PBXProject "Reader" */;
			compatibilityVersion = "Xcode 14.0";
			developmentRegion = en;
			hasScannedForEncodings = 0;
			knownRegions = (
				en,
			);
			mainGroup = 3130ADC72A482A0B00B438F9;
			packageReferences = (
				3130ADE72A482AE300B438F9 /* XCRemoteSwiftPackageReference "SwiftyXMLParser" */,
				31E32BD32A4AE98400836F38 /* XCRemoteSwiftPackageReference "Kingfisher" */,
			);
			productRefGroup = 3130ADD12A482A0C00B438F9 /* Products */;
			projectDirPath = "";
			projectRoot = "";
			targets = (
				3130ADCF2A482A0B00B438F9 /* Reader */,
			);
		};
/* End PBXProject section */

/* Begin PBXResourcesBuildPhase section */
		3130ADCE2A482A0B00B438F9 /* Resources */ = {
			isa = PBXResourcesBuildPhase;
			buildActionMask = 2147483647;
			files = (
				3130ADDB2A482A0D00B438F9 /* Preview Assets.xcassets in Resources */,
				3130ADD82A482A0D00B438F9 /* Assets.xcassets in Resources */,
				31C91A8D2A8DC18100C65AE2 /* Localizable.xcstrings in Resources */,
			);
			runOnlyForDeploymentPostprocessing = 0;
		};
/* End PBXResourcesBuildPhase section */

/* Begin PBXSourcesBuildPhase section */
		3130ADCC2A482A0B00B438F9 /* Sources */ = {
			isa = PBXSourcesBuildPhase;
			buildActionMask = 2147483647;
			files = (
				3164B9D12A540E6800514032 /* OPMLParser.swift in Sources */,
				3164B9CF2A540A7F00514032 /* SettingsView.swift in Sources */,
				31EAE0332A5BE6C500659180 /* BackgroundActor.swift in Sources */,
				31AAFB312A56D16C00D23ADF /* AlertModifier.swift in Sources */,
				3130ADD62A482A0C00B438F9 /* ContentView.swift in Sources */,
				31E32BD02A4A935C00836F38 /* WebView.swift in Sources */,
				3130ADEB2A48424300B438F9 /* FeedListView.swift in Sources */,
				3164B9C62A52C68800514032 /* Logging.swift in Sources */,
				3130ADE62A482A3800B438F9 /* RssSourceDTO.swift in Sources */,
				3164B9C42A52795500514032 /* DateFormatterFactory.swift in Sources */,
				3130ADD42A482A0C00B438F9 /* ReaderApp.swift in Sources */,
				31AAFB2D2A56B26500D23ADF /* ToastModifier.swift in Sources */,
				3164B9CD2A54012C00514032 /* Store.swift in Sources */,
				3164B9CA2A53F2F600514032 /* OPMLExporter.swift in Sources */,
				3164B9C82A53F2A200514032 /* OPMLDocument.swift in Sources */,
				3164B9C22A52776000514032 /* ViewDidLoadModifier.swift in Sources */,
				3185CB0D2A5697400059C617 /* Article.swift in Sources */,
				3130ADE42A482A2C00B438F9 /* Feed.swift in Sources */,
				3130ADED2A48426E00B438F9 /* FeedDetailView.swift in Sources */,
			);
			runOnlyForDeploymentPostprocessing = 0;
		};
/* End PBXSourcesBuildPhase section */

/* Begin XCBuildConfiguration section */
		3130ADDE2A482A0D00B438F9 /* Debug */ = {
			isa = XCBuildConfiguration;
			buildSettings = {
				ALWAYS_SEARCH_USER_PATHS = NO;
				ASSETCATALOG_COMPILER_GENERATE_SWIFT_ASSET_SYMBOL_EXTENSIONS = YES;
				CLANG_ANALYZER_NONNULL = YES;
				CLANG_ANALYZER_NUMBER_OBJECT_CONVERSION = YES_AGGRESSIVE;
				CLANG_CXX_LANGUAGE_STANDARD = "gnu++20";
				CLANG_ENABLE_MODULES = YES;
				CLANG_ENABLE_OBJC_ARC = YES;
				CLANG_ENABLE_OBJC_WEAK = YES;
				CLANG_WARN_BLOCK_CAPTURE_AUTORELEASING = YES;
				CLANG_WARN_BOOL_CONVERSION = YES;
				CLANG_WARN_COMMA = YES;
				CLANG_WARN_CONSTANT_CONVERSION = YES;
				CLANG_WARN_DEPRECATED_OBJC_IMPLEMENTATIONS = YES;
				CLANG_WARN_DIRECT_OBJC_ISA_USAGE = YES_ERROR;
				CLANG_WARN_DOCUMENTATION_COMMENTS = YES;
				CLANG_WARN_EMPTY_BODY = YES;
				CLANG_WARN_ENUM_CONVERSION = YES;
				CLANG_WARN_INFINITE_RECURSION = YES;
				CLANG_WARN_INT_CONVERSION = YES;
				CLANG_WARN_NON_LITERAL_NULL_CONVERSION = YES;
				CLANG_WARN_OBJC_IMPLICIT_RETAIN_SELF = YES;
				CLANG_WARN_OBJC_LITERAL_CONVERSION = YES;
				CLANG_WARN_OBJC_ROOT_CLASS = YES_ERROR;
				CLANG_WARN_QUOTED_INCLUDE_IN_FRAMEWORK_HEADER = YES;
				CLANG_WARN_RANGE_LOOP_ANALYSIS = YES;
				CLANG_WARN_STRICT_PROTOTYPES = YES;
				CLANG_WARN_SUSPICIOUS_MOVE = YES;
				CLANG_WARN_UNGUARDED_AVAILABILITY = YES_AGGRESSIVE;
				CLANG_WARN_UNREACHABLE_CODE = YES;
				CLANG_WARN__DUPLICATE_METHOD_MATCH = YES;
				COPY_PHASE_STRIP = NO;
				DEBUG_INFORMATION_FORMAT = dwarf;
				ENABLE_STRICT_OBJC_MSGSEND = YES;
				ENABLE_TESTABILITY = YES;
				ENABLE_USER_SCRIPT_SANDBOXING = YES;
				GCC_C_LANGUAGE_STANDARD = gnu17;
				GCC_DYNAMIC_NO_PIC = NO;
				GCC_NO_COMMON_BLOCKS = YES;
				GCC_OPTIMIZATION_LEVEL = 0;
				GCC_PREPROCESSOR_DEFINITIONS = (
					"DEBUG=1",
					"$(inherited)",
				);
				GCC_WARN_64_TO_32_BIT_CONVERSION = YES;
				GCC_WARN_ABOUT_RETURN_TYPE = YES_ERROR;
				GCC_WARN_UNDECLARED_SELECTOR = YES;
				GCC_WARN_UNINITIALIZED_AUTOS = YES_AGGRESSIVE;
				GCC_WARN_UNUSED_FUNCTION = YES;
				GCC_WARN_UNUSED_VARIABLE = YES;
				IPHONEOS_DEPLOYMENT_TARGET = 17.0;
				LOCALIZATION_PREFERS_STRING_CATALOGS = YES;
				MTL_ENABLE_DEBUG_INFO = INCLUDE_SOURCE;
				MTL_FAST_MATH = YES;
				ONLY_ACTIVE_ARCH = YES;
				SDKROOT = iphoneos;
				SWIFT_ACTIVE_COMPILATION_CONDITIONS = "DEBUG $(inherited)";
				SWIFT_OPTIMIZATION_LEVEL = "-Onone";
			};
			name = Debug;
		};
		3130ADDF2A482A0D00B438F9 /* Release */ = {
			isa = XCBuildConfiguration;
			buildSettings = {
				ALWAYS_SEARCH_USER_PATHS = NO;
				ASSETCATALOG_COMPILER_GENERATE_SWIFT_ASSET_SYMBOL_EXTENSIONS = YES;
				CLANG_ANALYZER_NONNULL = YES;
				CLANG_ANALYZER_NUMBER_OBJECT_CONVERSION = YES_AGGRESSIVE;
				CLANG_CXX_LANGUAGE_STANDARD = "gnu++20";
				CLANG_ENABLE_MODULES = YES;
				CLANG_ENABLE_OBJC_ARC = YES;
				CLANG_ENABLE_OBJC_WEAK = YES;
				CLANG_WARN_BLOCK_CAPTURE_AUTORELEASING = YES;
				CLANG_WARN_BOOL_CONVERSION = YES;
				CLANG_WARN_COMMA = YES;
				CLANG_WARN_CONSTANT_CONVERSION = YES;
				CLANG_WARN_DEPRECATED_OBJC_IMPLEMENTATIONS = YES;
				CLANG_WARN_DIRECT_OBJC_ISA_USAGE = YES_ERROR;
				CLANG_WARN_DOCUMENTATION_COMMENTS = YES;
				CLANG_WARN_EMPTY_BODY = YES;
				CLANG_WARN_ENUM_CONVERSION = YES;
				CLANG_WARN_INFINITE_RECURSION = YES;
				CLANG_WARN_INT_CONVERSION = YES;
				CLANG_WARN_NON_LITERAL_NULL_CONVERSION = YES;
				CLANG_WARN_OBJC_IMPLICIT_RETAIN_SELF = YES;
				CLANG_WARN_OBJC_LITERAL_CONVERSION = YES;
				CLANG_WARN_OBJC_ROOT_CLASS = YES_ERROR;
				CLANG_WARN_QUOTED_INCLUDE_IN_FRAMEWORK_HEADER = YES;
				CLANG_WARN_RANGE_LOOP_ANALYSIS = YES;
				CLANG_WARN_STRICT_PROTOTYPES = YES;
				CLANG_WARN_SUSPICIOUS_MOVE = YES;
				CLANG_WARN_UNGUARDED_AVAILABILITY = YES_AGGRESSIVE;
				CLANG_WARN_UNREACHABLE_CODE = YES;
				CLANG_WARN__DUPLICATE_METHOD_MATCH = YES;
				COPY_PHASE_STRIP = NO;
				DEBUG_INFORMATION_FORMAT = "dwarf-with-dsym";
				ENABLE_NS_ASSERTIONS = NO;
				ENABLE_STRICT_OBJC_MSGSEND = YES;
				ENABLE_USER_SCRIPT_SANDBOXING = YES;
				GCC_C_LANGUAGE_STANDARD = gnu17;
				GCC_NO_COMMON_BLOCKS = YES;
				GCC_WARN_64_TO_32_BIT_CONVERSION = YES;
				GCC_WARN_ABOUT_RETURN_TYPE = YES_ERROR;
				GCC_WARN_UNDECLARED_SELECTOR = YES;
				GCC_WARN_UNINITIALIZED_AUTOS = YES_AGGRESSIVE;
				GCC_WARN_UNUSED_FUNCTION = YES;
				GCC_WARN_UNUSED_VARIABLE = YES;
				IPHONEOS_DEPLOYMENT_TARGET = 17.0;
				LOCALIZATION_PREFERS_STRING_CATALOGS = YES;
				MTL_ENABLE_DEBUG_INFO = NO;
				MTL_FAST_MATH = YES;
				SDKROOT = iphoneos;
				SWIFT_COMPILATION_MODE = wholemodule;
				VALIDATE_PRODUCT = YES;
			};
			name = Release;
		};
		3130ADE12A482A0D00B438F9 /* Debug */ = {
			isa = XCBuildConfiguration;
			buildSettings = {
				ASSETCATALOG_COMPILER_APPICON_NAME = AppIcon;
				ASSETCATALOG_COMPILER_GLOBAL_ACCENT_COLOR_NAME = AccentColor;
				CODE_SIGN_STYLE = Automatic;
				CURRENT_PROJECT_VERSION = 1;
				DEVELOPMENT_ASSET_PATHS = "\"Reader/Preview Content\"";
				DEVELOPMENT_TEAM = QJSM3KYT6N;
				ENABLE_PREVIEWS = YES;
				GENERATE_INFOPLIST_FILE = YES;
				INFOPLIST_KEY_UIApplicationSceneManifest_Generation = YES;
				INFOPLIST_KEY_UIApplicationSupportsIndirectInputEvents = YES;
				INFOPLIST_KEY_UILaunchScreen_Generation = YES;
				INFOPLIST_KEY_UISupportedInterfaceOrientations_iPad = "UIInterfaceOrientationPortrait UIInterfaceOrientationPortraitUpsideDown UIInterfaceOrientationLandscapeLeft UIInterfaceOrientationLandscapeRight";
				INFOPLIST_KEY_UISupportedInterfaceOrientations_iPhone = "UIInterfaceOrientationPortrait UIInterfaceOrientationLandscapeLeft UIInterfaceOrientationLandscapeRight";
				LD_RUNPATH_SEARCH_PATHS = (
					"$(inherited)",
					"@executable_path/Frameworks",
				);
				MARKETING_VERSION = 1.0;
				OTHER_SWIFT_FLAGS = "-external-plugin-path $(SYSTEM_DEVELOPER_DIR)/Platforms/iPhoneOS.platform/Developer/usr/lib/swift/host/plugins#$(SYSTEM_DEVELOPER_DIR)/Platforms/iPhoneOS.platform/Developer/usr/bin/swift-plugin-server";
				PRODUCT_BUNDLE_IDENTIFIER = com.purkylin.Reader;
				PRODUCT_NAME = "$(TARGET_NAME)";
				SWIFT_EMIT_LOC_STRINGS = YES;
				SWIFT_VERSION = 5.0;
				TARGETED_DEVICE_FAMILY = "1,2";
			};
			name = Debug;
		};
		3130ADE22A482A0D00B438F9 /* Release */ = {
			isa = XCBuildConfiguration;
			buildSettings = {
				ASSETCATALOG_COMPILER_APPICON_NAME = AppIcon;
				ASSETCATALOG_COMPILER_GLOBAL_ACCENT_COLOR_NAME = AccentColor;
				CODE_SIGN_STYLE = Automatic;
				CURRENT_PROJECT_VERSION = 1;
				DEVELOPMENT_ASSET_PATHS = "\"Reader/Preview Content\"";
				DEVELOPMENT_TEAM = QJSM3KYT6N;
				ENABLE_PREVIEWS = YES;
				GENERATE_INFOPLIST_FILE = YES;
				INFOPLIST_KEY_UIApplicationSceneManifest_Generation = YES;
				INFOPLIST_KEY_UIApplicationSupportsIndirectInputEvents = YES;
				INFOPLIST_KEY_UILaunchScreen_Generation = YES;
				INFOPLIST_KEY_UISupportedInterfaceOrientations_iPad = "UIInterfaceOrientationPortrait UIInterfaceOrientationPortraitUpsideDown UIInterfaceOrientationLandscapeLeft UIInterfaceOrientationLandscapeRight";
				INFOPLIST_KEY_UISupportedInterfaceOrientations_iPhone = "UIInterfaceOrientationPortrait UIInterfaceOrientationLandscapeLeft UIInterfaceOrientationLandscapeRight";
				LD_RUNPATH_SEARCH_PATHS = (
					"$(inherited)",
					"@executable_path/Frameworks",
				);
				MARKETING_VERSION = 1.0;
				OTHER_SWIFT_FLAGS = "-external-plugin-path $(SYSTEM_DEVELOPER_DIR)/Platforms/iPhoneOS.platform/Developer/usr/lib/swift/host/plugins#$(SYSTEM_DEVELOPER_DIR)/Platforms/iPhoneOS.platform/Developer/usr/bin/swift-plugin-server";
				PRODUCT_BUNDLE_IDENTIFIER = com.purkylin.Reader;
				PRODUCT_NAME = "$(TARGET_NAME)";
				SWIFT_EMIT_LOC_STRINGS = YES;
				SWIFT_VERSION = 5.0;
				TARGETED_DEVICE_FAMILY = "1,2";
			};
			name = Release;
		};
/* End XCBuildConfiguration section */

/* Begin XCConfigurationList section */
		3130ADCB2A482A0B00B438F9 /* Build configuration list for PBXProject "Reader" */ = {
			isa = XCConfigurationList;
			buildConfigurations = (
				3130ADDE2A482A0D00B438F9 /* Debug */,
				3130ADDF2A482A0D00B438F9 /* Release */,
			);
			defaultConfigurationIsVisible = 0;
			defaultConfigurationName = Release;
		};
		3130ADE02A482A0D00B438F9 /* Build configuration list for PBXNativeTarget "Reader" */ = {
			isa = XCConfigurationList;
			buildConfigurations = (
				3130ADE12A482A0D00B438F9 /* Debug */,
				3130ADE22A482A0D00B438F9 /* Release */,
			);
			defaultConfigurationIsVisible = 0;
			defaultConfigurationName = Release;
		};
/* End XCConfigurationList section */

/* Begin XCRemoteSwiftPackageReference section */
		3130ADE72A482AE300B438F9 /* XCRemoteSwiftPackageReference "SwiftyXMLParser" */ = {
			isa = XCRemoteSwiftPackageReference;
			repositoryURL = "https://github.com/yahoojapan/SwiftyXMLParser";
			requirement = {
				kind = upToNextMajorVersion;
				minimumVersion = 5.6.0;
			};
		};
		31E32BD32A4AE98400836F38 /* XCRemoteSwiftPackageReference "Kingfisher" */ = {
			isa = XCRemoteSwiftPackageReference;
			repositoryURL = "https://github.com/onevcat/Kingfisher";
			requirement = {
				kind = upToNextMajorVersion;
				minimumVersion = 7.8.1;
			};
		};
/* End XCRemoteSwiftPackageReference section */

/* Begin XCSwiftPackageProductDependency section */
		3130ADE82A482AE300B438F9 /* SwiftyXMLParser */ = {
			isa = XCSwiftPackageProductDependency;
			package = 3130ADE72A482AE300B438F9 /* XCRemoteSwiftPackageReference "SwiftyXMLParser" */;
			productName = SwiftyXMLParser;
		};
		31E32BD42A4AE98400836F38 /* Kingfisher */ = {
			isa = XCSwiftPackageProductDependency;
			package = 31E32BD32A4AE98400836F38 /* XCRemoteSwiftPackageReference "Kingfisher" */;
			productName = Kingfisher;
		};
/* End XCSwiftPackageProductDependency section */
	};
	rootObject = 3130ADC82A482A0B00B438F9 /* Project object */;
}
